// !$*UTF8*$!
{
	archiveVersion = 1;
	classes = {
	};
	objectVersion = 55;
	objects = {

/* Begin PBXBuildFile section */
		B061916F276FE53400DA1C56 /* TestViewController.swift in Sources */ = {isa = PBXBuildFile; fileRef = B061916E276FE53400DA1C56 /* TestViewController.swift */; };
		B0619171276FE54900DA1C56 /* Test1CollectionViewCell.swift in Sources */ = {isa = PBXBuildFile; fileRef = B0619170276FE54900DA1C56 /* Test1CollectionViewCell.swift */; };
		B0619173276FE55700DA1C56 /* Test2CollectionViewCell.swift in Sources */ = {isa = PBXBuildFile; fileRef = B0619172276FE55700DA1C56 /* Test2CollectionViewCell.swift */; };
		B061919827700ABB00DA1C56 /* Category2CollectionViewController.swift in Sources */ = {isa = PBXBuildFile; fileRef = B061919727700ABB00DA1C56 /* Category2CollectionViewController.swift */; };
		B061919A27700ADC00DA1C56 /* Ctaegory2CollectionViewCell.swift in Sources */ = {isa = PBXBuildFile; fileRef = B061919927700ADC00DA1C56 /* Ctaegory2CollectionViewCell.swift */; };
		B061919C27700B1200DA1C56 /* HeaderCategory2CollectionReusableView.swift in Sources */ = {isa = PBXBuildFile; fileRef = B061919B27700B1200DA1C56 /* HeaderCategory2CollectionReusableView.swift */; };
		B061919E27700B2B00DA1C56 /* FooterCategory2CollectionReusableView.swift in Sources */ = {isa = PBXBuildFile; fileRef = B061919D27700B2B00DA1C56 /* FooterCategory2CollectionReusableView.swift */; };
		B06191A12770287700DA1C56 /* ItemScreenViewController.swift in Sources */ = {isa = PBXBuildFile; fileRef = B06191A02770287700DA1C56 /* ItemScreenViewController.swift */; };
		B07AA12A276F9541009EEF91 /* CategoryViewController.swift in Sources */ = {isa = PBXBuildFile; fileRef = B07AA129276F9541009EEF91 /* CategoryViewController.swift */; };
		B07AA12D276FADAC009EEF91 /* DiscountCollectionViewCell.swift in Sources */ = {isa = PBXBuildFile; fileRef = B07AA12C276FADAC009EEF91 /* DiscountCollectionViewCell.swift */; };
		B07AA132276FD52D009EEF91 /* ItemCollectionViewCell.swift in Sources */ = {isa = PBXBuildFile; fileRef = B07AA131276FD52D009EEF91 /* ItemCollectionViewCell.swift */; };
		B0A97F842769137E0051D605 /* AppDelegate.swift in Sources */ = {isa = PBXBuildFile; fileRef = B0A97F832769137E0051D605 /* AppDelegate.swift */; };
		B0A97F862769137E0051D605 /* SceneDelegate.swift in Sources */ = {isa = PBXBuildFile; fileRef = B0A97F852769137E0051D605 /* SceneDelegate.swift */; };
		B0A97F8B2769137E0051D605 /* Main.storyboard in Resources */ = {isa = PBXBuildFile; fileRef = B0A97F892769137E0051D605 /* Main.storyboard */; };
		B0A97F8D2769137F0051D605 /* Assets.xcassets in Resources */ = {isa = PBXBuildFile; fileRef = B0A97F8C2769137F0051D605 /* Assets.xcassets */; };
		B0A97F902769137F0051D605 /* LaunchScreen.storyboard in Resources */ = {isa = PBXBuildFile; fileRef = B0A97F8E2769137F0051D605 /* LaunchScreen.storyboard */; };
		B0A97F9827693B900051D605 /* CollectionViewController.swift in Sources */ = {isa = PBXBuildFile; fileRef = B0A97F9727693B900051D605 /* CollectionViewController.swift */; };
		B0A97F9A27693F530051D605 /* CollectionViewCell.swift in Sources */ = {isa = PBXBuildFile; fileRef = B0A97F9927693F530051D605 /* CollectionViewCell.swift */; };
		B0A97F9C27697A040051D605 /* HeaderCollectionReusableView.swift in Sources */ = {isa = PBXBuildFile; fileRef = B0A97F9B27697A040051D605 /* HeaderCollectionReusableView.swift */; };
		B0A97F9E276991170051D605 /* FooterCollectionReusableView.swift in Sources */ = {isa = PBXBuildFile; fileRef = B0A97F9D276991170051D605 /* FooterCollectionReusableView.swift */; };
/* End PBXBuildFile section */

/* Begin PBXFileReference section */
		B061916E276FE53400DA1C56 /* TestViewController.swift */ = {isa = PBXFileReference; lastKnownFileType = sourcecode.swift; path = TestViewController.swift; sourceTree = "<group>"; };
		B0619170276FE54900DA1C56 /* Test1CollectionViewCell.swift */ = {isa = PBXFileReference; lastKnownFileType = sourcecode.swift; path = Test1CollectionViewCell.swift; sourceTree = "<group>"; };
		B0619172276FE55700DA1C56 /* Test2CollectionViewCell.swift */ = {isa = PBXFileReference; lastKnownFileType = sourcecode.swift; path = Test2CollectionViewCell.swift; sourceTree = "<group>"; };
		B061919727700ABB00DA1C56 /* Category2CollectionViewController.swift */ = {isa = PBXFileReference; lastKnownFileType = sourcecode.swift; path = Category2CollectionViewController.swift; sourceTree = "<group>"; };
		B061919927700ADC00DA1C56 /* Ctaegory2CollectionViewCell.swift */ = {isa = PBXFileReference; lastKnownFileType = sourcecode.swift; path = Ctaegory2CollectionViewCell.swift; sourceTree = "<group>"; };
		B061919B27700B1200DA1C56 /* HeaderCategory2CollectionReusableView.swift */ = {isa = PBXFileReference; lastKnownFileType = sourcecode.swift; path = HeaderCategory2CollectionReusableView.swift; sourceTree = "<group>"; };
		B061919D27700B2B00DA1C56 /* FooterCategory2CollectionReusableView.swift */ = {isa = PBXFileReference; lastKnownFileType = sourcecode.swift; path = FooterCategory2CollectionReusableView.swift; sourceTree = "<group>"; };
		B06191A02770287700DA1C56 /* ItemScreenViewController.swift */ = {isa = PBXFileReference; lastKnownFileType = sourcecode.swift; path = ItemScreenViewController.swift; sourceTree = "<group>"; };
		B07AA129276F9541009EEF91 /* CategoryViewController.swift */ = {isa = PBXFileReference; lastKnownFileType = sourcecode.swift; path = CategoryViewController.swift; sourceTree = "<group>"; };
		B07AA12C276FADAC009EEF91 /* DiscountCollectionViewCell.swift */ = {isa = PBXFileReference; lastKnownFileType = sourcecode.swift; path = DiscountCollectionViewCell.swift; sourceTree = "<group>"; };
		B07AA131276FD52D009EEF91 /* ItemCollectionViewCell.swift */ = {isa = PBXFileReference; lastKnownFileType = sourcecode.swift; path = ItemCollectionViewCell.swift; sourceTree = "<group>"; };
		B0A97F802769137E0051D605 /* samokat.app */ = {isa = PBXFileReference; explicitFileType = wrapper.application; includeInIndex = 0; path = samokat.app; sourceTree = BUILT_PRODUCTS_DIR; };
		B0A97F832769137E0051D605 /* AppDelegate.swift */ = {isa = PBXFileReference; lastKnownFileType = sourcecode.swift; path = AppDelegate.swift; sourceTree = "<group>"; };
		B0A97F852769137E0051D605 /* SceneDelegate.swift */ = {isa = PBXFileReference; lastKnownFileType = sourcecode.swift; path = SceneDelegate.swift; sourceTree = "<group>"; };
		B0A97F8A2769137E0051D605 /* Base */ = {isa = PBXFileReference; lastKnownFileType = file.storyboard; name = Base; path = Base.lproj/Main.storyboard; sourceTree = "<group>"; };
		B0A97F8C2769137F0051D605 /* Assets.xcassets */ = {isa = PBXFileReference; lastKnownFileType = folder.assetcatalog; path = Assets.xcassets; sourceTree = "<group>"; };
		B0A97F8F2769137F0051D605 /* Base */ = {isa = PBXFileReference; lastKnownFileType = file.storyboard; name = Base; path = Base.lproj/LaunchScreen.storyboard; sourceTree = "<group>"; };
		B0A97F912769137F0051D605 /* Info.plist */ = {isa = PBXFileReference; lastKnownFileType = text.plist.xml; path = Info.plist; sourceTree = "<group>"; };
		B0A97F9727693B900051D605 /* CollectionViewController.swift */ = {isa = PBXFileReference; lastKnownFileType = sourcecode.swift; path = CollectionViewController.swift; sourceTree = "<group>"; };
		B0A97F9927693F530051D605 /* CollectionViewCell.swift */ = {isa = PBXFileReference; lastKnownFileType = sourcecode.swift; path = CollectionViewCell.swift; sourceTree = "<group>"; };
		B0A97F9B27697A040051D605 /* HeaderCollectionReusableView.swift */ = {isa = PBXFileReference; lastKnownFileType = sourcecode.swift; path = HeaderCollectionReusableView.swift; sourceTree = "<group>"; };
		B0A97F9D276991170051D605 /* FooterCollectionReusableView.swift */ = {isa = PBXFileReference; lastKnownFileType = sourcecode.swift; path = FooterCollectionReusableView.swift; sourceTree = "<group>"; };
/* End PBXFileReference section */

/* Begin PBXFrameworksBuildPhase section */
		B0A97F7D2769137E0051D605 /* Frameworks */ = {
			isa = PBXFrameworksBuildPhase;
			buildActionMask = 2147483647;
			files = (
			);
			runOnlyForDeploymentPostprocessing = 0;
		};
/* End PBXFrameworksBuildPhase section */

/* Begin PBXGroup section */
		B061916B276FE4EF00DA1C56 /* test */ = {
			isa = PBXGroup;
			children = (
				B061916E276FE53400DA1C56 /* TestViewController.swift */,
				B0619170276FE54900DA1C56 /* Test1CollectionViewCell.swift */,
				B0619172276FE55700DA1C56 /* Test2CollectionViewCell.swift */,
			);
			path = test;
			sourceTree = "<group>";
		};
		B061919627700A5600DA1C56 /* CategoryScreen2 */ = {
			isa = PBXGroup;
			children = (
				B061919727700ABB00DA1C56 /* Category2CollectionViewController.swift */,
				B061919927700ADC00DA1C56 /* Ctaegory2CollectionViewCell.swift */,
				B061919B27700B1200DA1C56 /* HeaderCategory2CollectionReusableView.swift */,
				B061919D27700B2B00DA1C56 /* FooterCategory2CollectionReusableView.swift */,
			);
			path = CategoryScreen2;
			sourceTree = "<group>";
		};
		B061919F2770285900DA1C56 /* itemScreen */ = {
			isa = PBXGroup;
			children = (
				B06191A02770287700DA1C56 /* ItemScreenViewController.swift */,
			);
			path = itemScreen;
			sourceTree = "<group>";
		};
		B07AA12B276FAD35009EEF91 /* MainScreen */ = {
			isa = PBXGroup;
			children = (
				B0A97F9727693B900051D605 /* CollectionViewController.swift */,
				B0A97F9927693F530051D605 /* CollectionViewCell.swift */,
				B0A97F9B27697A040051D605 /* HeaderCollectionReusableView.swift */,
				B0A97F9D276991170051D605 /* FooterCollectionReusableView.swift */,
			);
			path = MainScreen;
			sourceTree = "<group>";
		};
		B07AA12E276FB1DF009EEF91 /* CategoryScreen */ = {
			isa = PBXGroup;
			children = (
				B07AA129276F9541009EEF91 /* CategoryViewController.swift */,
				B07AA12C276FADAC009EEF91 /* DiscountCollectionViewCell.swift */,
				B07AA131276FD52D009EEF91 /* ItemCollectionViewCell.swift */,
			);
			path = CategoryScreen;
			sourceTree = "<group>";
		};
		B0A97F772769137E0051D605 = {
			isa = PBXGroup;
			children = (
				B0A97F822769137E0051D605 /* samokat */,
				B0A97F812769137E0051D605 /* Products */,
			);
			sourceTree = "<group>";
		};
		B0A97F812769137E0051D605 /* Products */ = {
			isa = PBXGroup;
			children = (
				B0A97F802769137E0051D605 /* samokat.app */,
			);
			name = Products;
			sourceTree = "<group>";
		};
		B0A97F822769137E0051D605 /* samokat */ = {
			isa = PBXGroup;
			children = (
				B061919F2770285900DA1C56 /* itemScreen */,
				B061919627700A5600DA1C56 /* CategoryScreen2 */,
				B061916B276FE4EF00DA1C56 /* test */,
				B07AA12E276FB1DF009EEF91 /* CategoryScreen */,
				B07AA12B276FAD35009EEF91 /* MainScreen */,
				B0A97F832769137E0051D605 /* AppDelegate.swift */,
				B0A97F852769137E0051D605 /* SceneDelegate.swift */,
				B0A97F892769137E0051D605 /* Main.storyboard */,
				B0A97F8C2769137F0051D605 /* Assets.xcassets */,
				B0A97F8E2769137F0051D605 /* LaunchScreen.storyboard */,
				B0A97F912769137F0051D605 /* Info.plist */,
			);
			path = samokat;
			sourceTree = "<group>";
		};
/* End PBXGroup section */

/* Begin PBXNativeTarget section */
		B0A97F7F2769137E0051D605 /* samokat */ = {
			isa = PBXNativeTarget;
			buildConfigurationList = B0A97F942769137F0051D605 /* Build configuration list for PBXNativeTarget "samokat" */;
			buildPhases = (
				B0A97F7C2769137E0051D605 /* Sources */,
				B0A97F7D2769137E0051D605 /* Frameworks */,
				B0A97F7E2769137E0051D605 /* Resources */,
			);
			buildRules = (
			);
			dependencies = (
			);
			name = samokat;
			productName = samokat;
			productReference = B0A97F802769137E0051D605 /* samokat.app */;
			productType = "com.apple.product-type.application";
		};
/* End PBXNativeTarget section */

/* Begin PBXProject section */
		B0A97F782769137E0051D605 /* Project object */ = {
			isa = PBXProject;
			attributes = {
				BuildIndependentTargetsInParallel = 1;
				LastSwiftUpdateCheck = 1320;
				LastUpgradeCheck = 1320;
				TargetAttributes = {
					B0A97F7F2769137E0051D605 = {
						CreatedOnToolsVersion = 13.2;
					};
				};
			};
			buildConfigurationList = B0A97F7B2769137E0051D605 /* Build configuration list for PBXProject "samokat" */;
			compatibilityVersion = "Xcode 13.0";
			developmentRegion = en;
			hasScannedForEncodings = 0;
			knownRegions = (
				en,
				Base,
			);
			mainGroup = B0A97F772769137E0051D605;
			productRefGroup = B0A97F812769137E0051D605 /* Products */;
			projectDirPath = "";
			projectRoot = "";
			targets = (
				B0A97F7F2769137E0051D605 /* samokat */,
			);
		};
/* End PBXProject section */

/* Begin PBXResourcesBuildPhase section */
		B0A97F7E2769137E0051D605 /* Resources */ = {
			isa = PBXResourcesBuildPhase;
			buildActionMask = 2147483647;
			files = (
				B0A97F902769137F0051D605 /* LaunchScreen.storyboard in Resources */,
				B0A97F8D2769137F0051D605 /* Assets.xcassets in Resources */,
				B0A97F8B2769137E0051D605 /* Main.storyboard in Resources */,
			);
			runOnlyForDeploymentPostprocessing = 0;
		};
/* End PBXResourcesBuildPhase section */

/* Begin PBXSourcesBuildPhase section */
		B0A97F7C2769137E0051D605 /* Sources */ = {
			isa = PBXSourcesBuildPhase;
			buildActionMask = 2147483647;
			files = (
				B061916F276FE53400DA1C56 /* TestViewController.swift in Sources */,
				B0619173276FE55700DA1C56 /* Test2CollectionViewCell.swift in Sources */,
				B0A97F9827693B900051D605 /* CollectionViewController.swift in Sources */,
				B0A97F842769137E0051D605 /* AppDelegate.swift in Sources */,
				B07AA12A276F9541009EEF91 /* CategoryViewController.swift in Sources */,
				B07AA132276FD52D009EEF91 /* ItemCollectionViewCell.swift in Sources */,
				B061919827700ABB00DA1C56 /* Category2CollectionViewController.swift in Sources */,
				B0A97F9A27693F530051D605 /* CollectionViewCell.swift in Sources */,
				B06191A12770287700DA1C56 /* ItemScreenViewController.swift in Sources */,
				B0619171276FE54900DA1C56 /* Test1CollectionViewCell.swift in Sources */,
				B061919A27700ADC00DA1C56 /* Ctaegory2CollectionViewCell.swift in Sources */,
				B0A97F9C27697A040051D605 /* HeaderCollectionReusableView.swift in Sources */,
				B0A97F9E276991170051D605 /* FooterCollectionReusableView.swift in Sources */,
				B07AA12D276FADAC009EEF91 /* DiscountCollectionViewCell.swift in Sources */,
				B0A97F862769137E0051D605 /* SceneDelegate.swift in Sources */,
				B061919C27700B1200DA1C56 /* HeaderCategory2CollectionReusableView.swift in Sources */,
				B061919E27700B2B00DA1C56 /* FooterCategory2CollectionReusableView.swift in Sources */,
			);
			runOnlyForDeploymentPostprocessing = 0;
		};
/* End PBXSourcesBuildPhase section */

/* Begin PBXVariantGroup section */
		B0A97F892769137E0051D605 /* Main.storyboard */ = {
			isa = PBXVariantGroup;
			children = (
				B0A97F8A2769137E0051D605 /* Base */,
			);
			name = Main.storyboard;
			sourceTree = "<group>";
		};
		B0A97F8E2769137F0051D605 /* LaunchScreen.storyboard */ = {
			isa = PBXVariantGroup;
			children = (
				B0A97F8F2769137F0051D605 /* Base */,
			);
			name = LaunchScreen.storyboard;
			sourceTree = "<group>";
		};
/* End PBXVariantGroup section */

/* Begin XCBuildConfiguration section */
		B0A97F922769137F0051D605 /* Debug */ = {
			isa = XCBuildConfiguration;
			buildSettings = {
				ALWAYS_SEARCH_USER_PATHS = NO;
				CLANG_ANALYZER_NONNULL = YES;
				CLANG_ANALYZER_NUMBER_OBJECT_CONVERSION = YES_AGGRESSIVE;
				CLANG_CXX_LANGUAGE_STANDARD = "gnu++17";
				CLANG_CXX_LIBRARY = "libc++";
				CLANG_ENABLE_MODULES = YES;
				CLANG_ENABLE_OBJC_ARC = YES;
				CLANG_ENABLE_OBJC_WEAK = YES;
				CLANG_WARN_BLOCK_CAPTURE_AUTORELEASING = YES;
				CLANG_WARN_BOOL_CONVERSION = YES;
				CLANG_WARN_COMMA = YES;
				CLANG_WARN_CONSTANT_CONVERSION = YES;
				CLANG_WARN_DEPRECATED_OBJC_IMPLEMENTATIONS = YES;
				CLANG_WARN_DIRECT_OBJC_ISA_USAGE = YES_ERROR;
				CLANG_WARN_DOCUMENTATION_COMMENTS = YES;
				CLANG_WARN_EMPTY_BODY = YES;
				CLANG_WARN_ENUM_CONVERSION = YES;
				CLANG_WARN_INFINITE_RECURSION = YES;
				CLANG_WARN_INT_CONVERSION = YES;
				CLANG_WARN_NON_LITERAL_NULL_CONVERSION = YES;
				CLANG_WARN_OBJC_IMPLICIT_RETAIN_SELF = YES;
				CLANG_WARN_OBJC_LITERAL_CONVERSION = YES;
				CLANG_WARN_OBJC_ROOT_CLASS = YES_ERROR;
				CLANG_WARN_QUOTED_INCLUDE_IN_FRAMEWORK_HEADER = YES;
				CLANG_WARN_RANGE_LOOP_ANALYSIS = YES;
				CLANG_WARN_STRICT_PROTOTYPES = YES;
				CLANG_WARN_SUSPICIOUS_MOVE = YES;
				CLANG_WARN_UNGUARDED_AVAILABILITY = YES_AGGRESSIVE;
				CLANG_WARN_UNREACHABLE_CODE = YES;
				CLANG_WARN__DUPLICATE_METHOD_MATCH = YES;
				COPY_PHASE_STRIP = NO;
				DEBUG_INFORMATION_FORMAT = dwarf;
				ENABLE_STRICT_OBJC_MSGSEND = YES;
				ENABLE_TESTABILITY = YES;
				GCC_C_LANGUAGE_STANDARD = gnu11;
				GCC_DYNAMIC_NO_PIC = NO;
				GCC_NO_COMMON_BLOCKS = YES;
				GCC_OPTIMIZATION_LEVEL = 0;
				GCC_PREPROCESSOR_DEFINITIONS = (
					"DEBUG=1",
					"$(inherited)",
				);
				GCC_WARN_64_TO_32_BIT_CONVERSION = YES;
				GCC_WARN_ABOUT_RETURN_TYPE = YES_ERROR;
				GCC_WARN_UNDECLARED_SELECTOR = YES;
				GCC_WARN_UNINITIALIZED_AUTOS = YES_AGGRESSIVE;
				GCC_WARN_UNUSED_FUNCTION = YES;
				GCC_WARN_UNUSED_VARIABLE = YES;
				IPHONEOS_DEPLOYMENT_TARGET = 15.2;
				MTL_ENABLE_DEBUG_INFO = INCLUDE_SOURCE;
				MTL_FAST_MATH = YES;
				ONLY_ACTIVE_ARCH = YES;
				SDKROOT = iphoneos;
				SWIFT_ACTIVE_COMPILATION_CONDITIONS = DEBUG;
				SWIFT_OPTIMIZATION_LEVEL = "-Onone";
			};
			name = Debug;
		};
		B0A97F932769137F0051D605 /* Release */ = {
			isa = XCBuildConfiguration;
			buildSettings = {
				ALWAYS_SEARCH_USER_PATHS = NO;
				CLANG_ANALYZER_NONNULL = YES;
				CLANG_ANALYZER_NUMBER_OBJECT_CONVERSION = YES_AGGRESSIVE;
				CLANG_CXX_LANGUAGE_STANDARD = "gnu++17";
				CLANG_CXX_LIBRARY = "libc++";
				CLANG_ENABLE_MODULES = YES;
				CLANG_ENABLE_OBJC_ARC = YES;
				CLANG_ENABLE_OBJC_WEAK = YES;
				CLANG_WARN_BLOCK_CAPTURE_AUTORELEASING = YES;
				CLANG_WARN_BOOL_CONVERSION = YES;
				CLANG_WARN_COMMA = YES;
				CLANG_WARN_CONSTANT_CONVERSION = YES;
				CLANG_WARN_DEPRECATED_OBJC_IMPLEMENTATIONS = YES;
				CLANG_WARN_DIRECT_OBJC_ISA_USAGE = YES_ERROR;
				CLANG_WARN_DOCUMENTATION_COMMENTS = YES;
				CLANG_WARN_EMPTY_BODY = YES;
				CLANG_WARN_ENUM_CONVERSION = YES;
				CLANG_WARN_INFINITE_RECURSION = YES;
				CLANG_WARN_INT_CONVERSION = YES;
				CLANG_WARN_NON_LITERAL_NULL_CONVERSION = YES;
				CLANG_WARN_OBJC_IMPLICIT_RETAIN_SELF = YES;
				CLANG_WARN_OBJC_LITERAL_CONVERSION = YES;
				CLANG_WARN_OBJC_ROOT_CLASS = YES_ERROR;
				CLANG_WARN_QUOTED_INCLUDE_IN_FRAMEWORK_HEADER = YES;
				CLANG_WARN_RANGE_LOOP_ANALYSIS = YES;
				CLANG_WARN_STRICT_PROTOTYPES = YES;
				CLANG_WARN_SUSPICIOUS_MOVE = YES;
				CLANG_WARN_UNGUARDED_AVAILABILITY = YES_AGGRESSIVE;
				CLANG_WARN_UNREACHABLE_CODE = YES;
				CLANG_WARN__DUPLICATE_METHOD_MATCH = YES;
				COPY_PHASE_STRIP = NO;
				DEBUG_INFORMATION_FORMAT = "dwarf-with-dsym";
				ENABLE_NS_ASSERTIONS = NO;
				ENABLE_STRICT_OBJC_MSGSEND = YES;
				GCC_C_LANGUAGE_STANDARD = gnu11;
				GCC_NO_COMMON_BLOCKS = YES;
				GCC_WARN_64_TO_32_BIT_CONVERSION = YES;
				GCC_WARN_ABOUT_RETURN_TYPE = YES_ERROR;
				GCC_WARN_UNDECLARED_SELECTOR = YES;
				GCC_WARN_UNINITIALIZED_AUTOS = YES_AGGRESSIVE;
				GCC_WARN_UNUSED_FUNCTION = YES;
				GCC_WARN_UNUSED_VARIABLE = YES;
				IPHONEOS_DEPLOYMENT_TARGET = 15.2;
				MTL_ENABLE_DEBUG_INFO = NO;
				MTL_FAST_MATH = YES;
				SDKROOT = iphoneos;
				SWIFT_COMPILATION_MODE = wholemodule;
				SWIFT_OPTIMIZATION_LEVEL = "-O";
				VALIDATE_PRODUCT = YES;
			};
			name = Release;
		};
		B0A97F952769137F0051D605 /* Debug */ = {
			isa = XCBuildConfiguration;
			buildSettings = {
				ASSETCATALOG_COMPILER_APPICON_NAME = AppIcon;
				ASSETCATALOG_COMPILER_GLOBAL_ACCENT_COLOR_NAME = AccentColor;
				CODE_SIGN_STYLE = Automatic;
				CURRENT_PROJECT_VERSION = 1;
				GENERATE_INFOPLIST_FILE = YES;
				INFOPLIST_FILE = samokat/Info.plist;
				INFOPLIST_KEY_UIApplicationSupportsIndirectInputEvents = YES;
				INFOPLIST_KEY_UILaunchStoryboardName = LaunchScreen;
				INFOPLIST_KEY_UIMainStoryboardFile = Main;
				INFOPLIST_KEY_UISupportedInterfaceOrientations = UIInterfaceOrientationPortrait;
				INFOPLIST_KEY_UISupportedInterfaceOrientations_iPad = "UIInterfaceOrientationPortrait UIInterfaceOrientationPortraitUpsideDown UIInterfaceOrientationLandscapeLeft UIInterfaceOrientationLandscapeRight";
				INFOPLIST_KEY_UISupportedInterfaceOrientations_iPhone = "UIInterfaceOrientationPortrait UIInterfaceOrientationLandscapeLeft UIInterfaceOrientationLandscapeRight";
				LD_RUNPATH_SEARCH_PATHS = (
					"$(inherited)",
					"@executable_path/Frameworks",
				);
				MARKETING_VERSION = 1.0;
				PRODUCT_BUNDLE_IDENTIFIER = ru.mipt.samokat;
				PRODUCT_NAME = "$(TARGET_NAME)";
				SWIFT_EMIT_LOC_STRINGS = YES;
				SWIFT_VERSION = 5.0;
				TARGETED_DEVICE_FAMILY = 1;
			};
			name = Debug;
		};
		B0A97F962769137F0051D605 /* Release */ = {
			isa = XCBuildConfiguration;
			buildSettings = {
				ASSETCATALOG_COMPILER_APPICON_NAME = AppIcon;
				ASSETCATALOG_COMPILER_GLOBAL_ACCENT_COLOR_NAME = AccentColor;
				CODE_SIGN_STYLE = Automatic;
				CURRENT_PROJECT_VERSION = 1;
				GENERATE_INFOPLIST_FILE = YES;
				INFOPLIST_FILE = samokat/Info.plist;
				INFOPLIST_KEY_UIApplicationSupportsIndirectInputEvents = YES;
				INFOPLIST_KEY_UILaunchStoryboardName = LaunchScreen;
				INFOPLIST_KEY_UIMainStoryboardFile = Main;
				INFOPLIST_KEY_UISupportedInterfaceOrientations = UIInterfaceOrientationPortrait;
				INFOPLIST_KEY_UISupportedInterfaceOrientations_iPad = "UIInterfaceOrientationPortrait UIInterfaceOrientationPortraitUpsideDown UIInterfaceOrientationLandscapeLeft UIInterfaceOrientationLandscapeRight";
				INFOPLIST_KEY_UISupportedInterfaceOrientations_iPhone = "UIInterfaceOrientationPortrait UIInterfaceOrientationLandscapeLeft UIInterfaceOrientationLandscapeRight";
				LD_RUNPATH_SEARCH_PATHS = (
					"$(inherited)",
					"@executable_path/Frameworks",
				);
				MARKETING_VERSION = 1.0;
				PRODUCT_BUNDLE_IDENTIFIER = ru.mipt.samokat;
				PRODUCT_NAME = "$(TARGET_NAME)";
				SWIFT_EMIT_LOC_STRINGS = YES;
				SWIFT_VERSION = 5.0;
				TARGETED_DEVICE_FAMILY = 1;
			};
			name = Release;
		};
/* End XCBuildConfiguration section */

/* Begin XCConfigurationList section */
		B0A97F7B2769137E0051D605 /* Build configuration list for PBXProject "samokat" */ = {
			isa = XCConfigurationList;
			buildConfigurations = (
				B0A97F922769137F0051D605 /* Debug */,
				B0A97F932769137F0051D605 /* Release */,
			);
			defaultConfigurationIsVisible = 0;
			defaultConfigurationName = Release;
		};
		B0A97F942769137F0051D605 /* Build configuration list for PBXNativeTarget "samokat" */ = {
			isa = XCConfigurationList;
			buildConfigurations = (
				B0A97F952769137F0051D605 /* Debug */,
				B0A97F962769137F0051D605 /* Release */,
			);
			defaultConfigurationIsVisible = 0;
			defaultConfigurationName = Release;
		};
/* End XCConfigurationList section */
	};
	rootObject = B0A97F782769137E0051D605 /* Project object */;
}
